// !$*UTF8*$!
{
	archiveVersion = 1;
	classes = {
	};
	objectVersion = 46;
	objects = {

/* Begin PBXBuildFile section */
		1D3623260D0F684500981E51 /* iPhoneHTTPServerAppDelegate.m in Sources */ = {isa = PBXBuildFile; fileRef = 1D3623250D0F684500981E51 /* iPhoneHTTPServerAppDelegate.m */; };
		1D60589B0D05DD56006BFB54 /* main.m in Sources */ = {isa = PBXBuildFile; fileRef = 29B97316FDCFA39411CA2CEA /* main.m */; };
		1D60589F0D05DD5A006BFB54 /* Foundation.framework in Frameworks */ = {isa = PBXBuildFile; fileRef = 1D30AB110D05D00D00671497 /* Foundation.framework */; };
		1DF5F4E00D08C38300B7A737 /* UIKit.framework in Frameworks */ = {isa = PBXBuildFile; fileRef = 1DF5F4DF0D08C38300B7A737 /* UIKit.framework */; };
		288765A50DF7441C002DB57D /* CoreGraphics.framework in Frameworks */ = {isa = PBXBuildFile; fileRef = 288765A40DF7441C002DB57D /* CoreGraphics.framework */; };
		2899E5220DE3E06400AC0155 /* iPhoneHTTPServerViewController.xib in Resources */ = {isa = PBXBuildFile; fileRef = 2899E5210DE3E06400AC0155 /* iPhoneHTTPServerViewController.xib */; };
		28AD733F0D9D9553002E5188 /* MainWindow.xib in Resources */ = {isa = PBXBuildFile; fileRef = 28AD733E0D9D9553002E5188 /* MainWindow.xib */; };
		28D7ACF80DDB3853001CB0EB /* iPhoneHTTPServerViewController.m in Sources */ = {isa = PBXBuildFile; fileRef = 28D7ACF70DDB3853001CB0EB /* iPhoneHTTPServerViewController.m */; };
		DC372EFE139DC2E600A8407D /* DDData.m in Sources */ = {isa = PBXBuildFile; fileRef = DC372EE2139DC2E600A8407D /* DDData.m */; };
		DC372EFF139DC2E600A8407D /* DDNumber.m in Sources */ = {isa = PBXBuildFile; fileRef = DC372EE4139DC2E600A8407D /* DDNumber.m */; };
		DC372F00139DC2E600A8407D /* DDRange.m in Sources */ = {isa = PBXBuildFile; fileRef = DC372EE6139DC2E600A8407D /* DDRange.m */; };
		DC372F01139DC2E600A8407D /* HTTPAuthenticationRequest.m in Sources */ = {isa = PBXBuildFile; fileRef = DC372EE8139DC2E600A8407D /* HTTPAuthenticationRequest.m */; };
		DC372F02139DC2E600A8407D /* HTTPConnection.m in Sources */ = {isa = PBXBuildFile; fileRef = DC372EEA139DC2E600A8407D /* HTTPConnection.m */; };
		DC372F03139DC2E600A8407D /* HTTPMessage.m in Sources */ = {isa = PBXBuildFile; fileRef = DC372EED139DC2E600A8407D /* HTTPMessage.m */; };
		DC372F04139DC2E600A8407D /* HTTPServer.m in Sources */ = {isa = PBXBuildFile; fileRef = DC372EF0139DC2E600A8407D /* HTTPServer.m */; };
		DC372F05139DC2E600A8407D /* HTTPAsyncFileResponse.m in Sources */ = {isa = PBXBuildFile; fileRef = DC372EF3139DC2E600A8407D /* HTTPAsyncFileResponse.m */; };
		DC372F06139DC2E600A8407D /* HTTPDataResponse.m in Sources */ = {isa = PBXBuildFile; fileRef = DC372EF5139DC2E600A8407D /* HTTPDataResponse.m */; };
		DC372F07139DC2E600A8407D /* HTTPDynamicFileResponse.m in Sources */ = {isa = PBXBuildFile; fileRef = DC372EF7139DC2E600A8407D /* HTTPDynamicFileResponse.m */; };
		DC372F08139DC2E600A8407D /* HTTPFileResponse.m in Sources */ = {isa = PBXBuildFile; fileRef = DC372EF9139DC2E600A8407D /* HTTPFileResponse.m */; };
		DC372F09139DC2E600A8407D /* HTTPRedirectResponse.m in Sources */ = {isa = PBXBuildFile; fileRef = DC372EFB139DC2E600A8407D /* HTTPRedirectResponse.m */; };
		DC372F0A139DC2E600A8407D /* WebSocket.m in Sources */ = {isa = PBXBuildFile; fileRef = DC372EFD139DC2E600A8407D /* WebSocket.m */; };
		DC5406E2129F5CC900195140 /* CFNetwork.framework in Frameworks */ = {isa = PBXBuildFile; fileRef = DC5406E1129F5CC800195140 /* CFNetwork.framework */; };
		DC540781129F638200195140 /* Web in Resources */ = {isa = PBXBuildFile; fileRef = DC54077E129F638200195140 /* Web */; };
		DCC3699E1538F08B004C5FA7 /* Security.framework in Frameworks */ = {isa = PBXBuildFile; fileRef = DCC3699D1538F08B004C5FA7 /* Security.framework */; };
		DCD6EAC616FFB10900710668 /* Default-568h@2x.png in Resources */ = {isa = PBXBuildFile; fileRef = DCD6EAC516FFB10900710668 /* Default-568h@2x.png */; };
		DEAE347C1EA3230900C2EFF5 /* CLIColor.m in Sources */ = {isa = PBXBuildFile; fileRef = DEAE34601EA3230900C2EFF5 /* CLIColor.m */; };
		DEAE347E1EA3230900C2EFF5 /* DDAbstractDatabaseLogger.m in Sources */ = {isa = PBXBuildFile; fileRef = DEAE34641EA3230900C2EFF5 /* DDAbstractDatabaseLogger.m */; };
		DEAE347F1EA3230900C2EFF5 /* DDASLLogCapture.m in Sources */ = {isa = PBXBuildFile; fileRef = DEAE34661EA3230900C2EFF5 /* DDASLLogCapture.m */; };
		DEAE34801EA3230900C2EFF5 /* DDASLLogger.m in Sources */ = {isa = PBXBuildFile; fileRef = DEAE34681EA3230900C2EFF5 /* DDASLLogger.m */; };
		DEAE34811EA3230900C2EFF5 /* DDFileLogger.m in Sources */ = {isa = PBXBuildFile; fileRef = DEAE346B1EA3230900C2EFF5 /* DDFileLogger.m */; };
		DEAE34821EA3230900C2EFF5 /* DDLog.m in Sources */ = {isa = PBXBuildFile; fileRef = DEAE346F1EA3230900C2EFF5 /* DDLog.m */; };
		DEAE34831EA3230900C2EFF5 /* DDOSLogger.m in Sources */ = {isa = PBXBuildFile; fileRef = DEAE34721EA3230900C2EFF5 /* DDOSLogger.m */; };
		DEAE34841EA3230900C2EFF5 /* DDTTYLogger.m in Sources */ = {isa = PBXBuildFile; fileRef = DEAE34741EA3230900C2EFF5 /* DDTTYLogger.m */; };
		DEAE34851EA3230900C2EFF5 /* DDContextFilterLogFormatter.m in Sources */ = {isa = PBXBuildFile; fileRef = DEAE34771EA3230900C2EFF5 /* DDContextFilterLogFormatter.m */; };
		DEAE34861EA3230900C2EFF5 /* DDDispatchQueueLogFormatter.m in Sources */ = {isa = PBXBuildFile; fileRef = DEAE34791EA3230900C2EFF5 /* DDDispatchQueueLogFormatter.m */; };
		DEAE34871EA3230900C2EFF5 /* DDMultiFormatter.m in Sources */ = {isa = PBXBuildFile; fileRef = DEAE347B1EA3230900C2EFF5 /* DDMultiFormatter.m */; };
		DEAE348E1EA3238200C2EFF5 /* Documentation.html in Resources */ = {isa = PBXBuildFile; fileRef = DEAE34891EA3238200C2EFF5 /* Documentation.html */; };
		DEAE348F1EA3238200C2EFF5 /* GCDAsyncSocket.m in Sources */ = {isa = PBXBuildFile; fileRef = DEAE348B1EA3238200C2EFF5 /* GCDAsyncSocket.m */; };
		DEAE34901EA3238200C2EFF5 /* GCDAsyncUdpSocket.m in Sources */ = {isa = PBXBuildFile; fileRef = DEAE348D1EA3238200C2EFF5 /* GCDAsyncUdpSocket.m */; };
/* End PBXBuildFile section */

/* Begin PBXFileReference section */
		1D30AB110D05D00D00671497 /* Foundation.framework */ = {isa = PBXFileReference; lastKnownFileType = wrapper.framework; name = Foundation.framework; path = System/Library/Frameworks/Foundation.framework; sourceTree = SDKROOT; };
		1D3623240D0F684500981E51 /* iPhoneHTTPServerAppDelegate.h */ = {isa = PBXFileReference; fileEncoding = 4; lastKnownFileType = sourcecode.c.h; path = iPhoneHTTPServerAppDelegate.h; sourceTree = "<group>"; };
		1D3623250D0F684500981E51 /* iPhoneHTTPServerAppDelegate.m */ = {isa = PBXFileReference; fileEncoding = 4; lastKnownFileType = sourcecode.c.objc; path = iPhoneHTTPServerAppDelegate.m; sourceTree = "<group>"; };
		1D6058910D05DD3D006BFB54 /* iPhoneHTTPServer.app */ = {isa = PBXFileReference; explicitFileType = wrapper.application; includeInIndex = 0; path = iPhoneHTTPServer.app; sourceTree = BUILT_PRODUCTS_DIR; };
		1DF5F4DF0D08C38300B7A737 /* UIKit.framework */ = {isa = PBXFileReference; lastKnownFileType = wrapper.framework; name = UIKit.framework; path = System/Library/Frameworks/UIKit.framework; sourceTree = SDKROOT; };
		288765A40DF7441C002DB57D /* CoreGraphics.framework */ = {isa = PBXFileReference; lastKnownFileType = wrapper.framework; name = CoreGraphics.framework; path = System/Library/Frameworks/CoreGraphics.framework; sourceTree = SDKROOT; };
		2899E5210DE3E06400AC0155 /* iPhoneHTTPServerViewController.xib */ = {isa = PBXFileReference; lastKnownFileType = file.xib; path = iPhoneHTTPServerViewController.xib; sourceTree = "<group>"; };
		28AD733E0D9D9553002E5188 /* MainWindow.xib */ = {isa = PBXFileReference; lastKnownFileType = file.xib; path = MainWindow.xib; sourceTree = "<group>"; };
		28D7ACF60DDB3853001CB0EB /* iPhoneHTTPServerViewController.h */ = {isa = PBXFileReference; fileEncoding = 4; lastKnownFileType = sourcecode.c.h; path = iPhoneHTTPServerViewController.h; sourceTree = "<group>"; };
		28D7ACF70DDB3853001CB0EB /* iPhoneHTTPServerViewController.m */ = {isa = PBXFileReference; fileEncoding = 4; lastKnownFileType = sourcecode.c.objc; path = iPhoneHTTPServerViewController.m; sourceTree = "<group>"; };
		29B97316FDCFA39411CA2CEA /* main.m */ = {isa = PBXFileReference; fileEncoding = 4; lastKnownFileType = sourcecode.c.objc; path = main.m; sourceTree = "<group>"; };
		32CA4F630368D1EE00C91783 /* iPhoneHTTPServer_Prefix.pch */ = {isa = PBXFileReference; fileEncoding = 4; lastKnownFileType = sourcecode.c.h; path = iPhoneHTTPServer_Prefix.pch; sourceTree = "<group>"; };
		8D1107310486CEB800E47090 /* iPhoneHTTPServer-Info.plist */ = {isa = PBXFileReference; fileEncoding = 4; lastKnownFileType = text.plist.xml; path = "iPhoneHTTPServer-Info.plist"; plistStructureDefinitionIdentifier = "com.apple.xcode.plist.structure-definition.iphone.info-plist"; sourceTree = "<group>"; };
		DC372E48139D398400A8407D /* Base.xcconfig */ = {isa = PBXFileReference; lastKnownFileType = text.xcconfig; path = Base.xcconfig; sourceTree = "<group>"; };
		DC372E49139D398400A8407D /* Debug.xcconfig */ = {isa = PBXFileReference; lastKnownFileType = text.xcconfig; path = Debug.xcconfig; sourceTree = "<group>"; };
		DC372E4B139D398400A8407D /* Release.xcconfig */ = {isa = PBXFileReference; lastKnownFileType = text.xcconfig; path = Release.xcconfig; sourceTree = "<group>"; };
		DC372EE1139DC2E600A8407D /* DDData.h */ = {isa = PBXFileReference; fileEncoding = 4; lastKnownFileType = sourcecode.c.h; path = DDData.h; sourceTree = "<group>"; };
		DC372EE2139DC2E600A8407D /* DDData.m */ = {isa = PBXFileReference; fileEncoding = 4; lastKnownFileType = sourcecode.c.objc; path = DDData.m; sourceTree = "<group>"; };
		DC372EE3139DC2E600A8407D /* DDNumber.h */ = {isa = PBXFileReference; fileEncoding = 4; lastKnownFileType = sourcecode.c.h; path = DDNumber.h; sourceTree = "<group>"; };
		DC372EE4139DC2E600A8407D /* DDNumber.m */ = {isa = PBXFileReference; fileEncoding = 4; lastKnownFileType = sourcecode.c.objc; path = DDNumber.m; sourceTree = "<group>"; };
		DC372EE5139DC2E600A8407D /* DDRange.h */ = {isa = PBXFileReference; fileEncoding = 4; lastKnownFileType = sourcecode.c.h; path = DDRange.h; sourceTree = "<group>"; };
		DC372EE6139DC2E600A8407D /* DDRange.m */ = {isa = PBXFileReference; fileEncoding = 4; lastKnownFileType = sourcecode.c.objc; path = DDRange.m; sourceTree = "<group>"; };
		DC372EE7139DC2E600A8407D /* HTTPAuthenticationRequest.h */ = {isa = PBXFileReference; fileEncoding = 4; lastKnownFileType = sourcecode.c.h; name = HTTPAuthenticationRequest.h; path = ../../Core/HTTPAuthenticationRequest.h; sourceTree = "<group>"; };
		DC372EE8139DC2E600A8407D /* HTTPAuthenticationRequest.m */ = {isa = PBXFileReference; fileEncoding = 4; lastKnownFileType = sourcecode.c.objc; name = HTTPAuthenticationRequest.m; path = ../../Core/HTTPAuthenticationRequest.m; sourceTree = "<group>"; };
		DC372EE9139DC2E600A8407D /* HTTPConnection.h */ = {isa = PBXFileReference; fileEncoding = 4; lastKnownFileType = sourcecode.c.h; name = HTTPConnection.h; path = ../../Core/HTTPConnection.h; sourceTree = "<group>"; };
		DC372EEA139DC2E600A8407D /* HTTPConnection.m */ = {isa = PBXFileReference; fileEncoding = 4; lastKnownFileType = sourcecode.c.objc; name = HTTPConnection.m; path = ../../Core/HTTPConnection.m; sourceTree = "<group>"; };
		DC372EEB139DC2E600A8407D /* HTTPLogging.h */ = {isa = PBXFileReference; fileEncoding = 4; lastKnownFileType = sourcecode.c.h; name = HTTPLogging.h; path = ../../Core/HTTPLogging.h; sourceTree = "<group>"; };
		DC372EEC139DC2E600A8407D /* HTTPMessage.h */ = {isa = PBXFileReference; fileEncoding = 4; lastKnownFileType = sourcecode.c.h; name = HTTPMessage.h; path = ../../Core/HTTPMessage.h; sourceTree = "<group>"; };
		DC372EED139DC2E600A8407D /* HTTPMessage.m */ = {isa = PBXFileReference; fileEncoding = 4; lastKnownFileType = sourcecode.c.objc; name = HTTPMessage.m; path = ../../Core/HTTPMessage.m; sourceTree = "<group>"; };
		DC372EEE139DC2E600A8407D /* HTTPResponse.h */ = {isa = PBXFileReference; fileEncoding = 4; lastKnownFileType = sourcecode.c.h; name = HTTPResponse.h; path = ../../Core/HTTPResponse.h; sourceTree = "<group>"; };
		DC372EEF139DC2E600A8407D /* HTTPServer.h */ = {isa = PBXFileReference; fileEncoding = 4; lastKnownFileType = sourcecode.c.h; name = HTTPServer.h; path = ../../Core/HTTPServer.h; sourceTree = "<group>"; };
		DC372EF0139DC2E600A8407D /* HTTPServer.m */ = {isa = PBXFileReference; fileEncoding = 4; lastKnownFileType = sourcecode.c.objc; name = HTTPServer.m; path = ../../Core/HTTPServer.m; sourceTree = "<group>"; };
		DC372EF2139DC2E600A8407D /* HTTPAsyncFileResponse.h */ = {isa = PBXFileReference; fileEncoding = 4; lastKnownFileType = sourcecode.c.h; path = HTTPAsyncFileResponse.h; sourceTree = "<group>"; };
		DC372EF3139DC2E600A8407D /* HTTPAsyncFileResponse.m */ = {isa = PBXFileReference; fileEncoding = 4; lastKnownFileType = sourcecode.c.objc; path = HTTPAsyncFileResponse.m; sourceTree = "<group>"; };
		DC372EF4139DC2E600A8407D /* HTTPDataResponse.h */ = {isa = PBXFileReference; fileEncoding = 4; lastKnownFileType = sourcecode.c.h; path = HTTPDataResponse.h; sourceTree = "<group>"; };
		DC372EF5139DC2E600A8407D /* HTTPDataResponse.m */ = {isa = PBXFileReference; fileEncoding = 4; lastKnownFileType = sourcecode.c.objc; path = HTTPDataResponse.m; sourceTree = "<group>"; };
		DC372EF6139DC2E600A8407D /* HTTPDynamicFileResponse.h */ = {isa = PBXFileReference; fileEncoding = 4; lastKnownFileType = sourcecode.c.h; path = HTTPDynamicFileResponse.h; sourceTree = "<group>"; };
		DC372EF7139DC2E600A8407D /* HTTPDynamicFileResponse.m */ = {isa = PBXFileReference; fileEncoding = 4; lastKnownFileType = sourcecode.c.objc; path = HTTPDynamicFileResponse.m; sourceTree = "<group>"; };
		DC372EF8139DC2E600A8407D /* HTTPFileResponse.h */ = {isa = PBXFileReference; fileEncoding = 4; lastKnownFileType = sourcecode.c.h; path = HTTPFileResponse.h; sourceTree = "<group>"; };
		DC372EF9139DC2E600A8407D /* HTTPFileResponse.m */ = {isa = PBXFileReference; fileEncoding = 4; lastKnownFileType = sourcecode.c.objc; path = HTTPFileResponse.m; sourceTree = "<group>"; };
		DC372EFA139DC2E600A8407D /* HTTPRedirectResponse.h */ = {isa = PBXFileReference; fileEncoding = 4; lastKnownFileType = sourcecode.c.h; path = HTTPRedirectResponse.h; sourceTree = "<group>"; };
		DC372EFB139DC2E600A8407D /* HTTPRedirectResponse.m */ = {isa = PBXFileReference; fileEncoding = 4; lastKnownFileType = sourcecode.c.objc; path = HTTPRedirectResponse.m; sourceTree = "<group>"; };
		DC372EFC139DC2E600A8407D /* WebSocket.h */ = {isa = PBXFileReference; fileEncoding = 4; lastKnownFileType = sourcecode.c.h; name = WebSocket.h; path = ../../Core/WebSocket.h; sourceTree = "<group>"; };
		DC372EFD139DC2E600A8407D /* WebSocket.m */ = {isa = PBXFileReference; fileEncoding = 4; lastKnownFileType = sourcecode.c.objc; name = WebSocket.m; path = ../../Core/WebSocket.m; sourceTree = "<group>"; };
		DC5406E1129F5CC800195140 /* CFNetwork.framework */ = {isa = PBXFileReference; lastKnownFileType = wrapper.framework; name = CFNetwork.framework; path = System/Library/Frameworks/CFNetwork.framework; sourceTree = SDKROOT; };
		DC54077E129F638200195140 /* Web */ = {isa = PBXFileReference; lastKnownFileType = folder; path = Web; sourceTree = "<group>"; };
		DCC3699D1538F08B004C5FA7 /* Security.framework */ = {isa = PBXFileReference; lastKnownFileType = wrapper.framework; name = Security.framework; path = System/Library/Frameworks/Security.framework; sourceTree = SDKROOT; };
		DCD6EAC516FFB10900710668 /* Default-568h@2x.png */ = {isa = PBXFileReference; lastKnownFileType = image.png; path = "Default-568h@2x.png"; sourceTree = "<group>"; };
		DEAE345F1EA3230900C2EFF5 /* CLIColor.h */ = {isa = PBXFileReference; fileEncoding = 4; lastKnownFileType = sourcecode.c.h; path = CLIColor.h; sourceTree = "<group>"; };
		DEAE34601EA3230900C2EFF5 /* CLIColor.m */ = {isa = PBXFileReference; fileEncoding = 4; lastKnownFileType = sourcecode.c.objc; path = CLIColor.m; sourceTree = "<group>"; };
		DEAE34611EA3230900C2EFF5 /* CocoaLumberjack.h */ = {isa = PBXFileReference; fileEncoding = 4; lastKnownFileType = sourcecode.c.h; path = CocoaLumberjack.h; sourceTree = "<group>"; };
		DEAE34631EA3230900C2EFF5 /* DDAbstractDatabaseLogger.h */ = {isa = PBXFileReference; fileEncoding = 4; lastKnownFileType = sourcecode.c.h; path = DDAbstractDatabaseLogger.h; sourceTree = "<group>"; };
		DEAE34641EA3230900C2EFF5 /* DDAbstractDatabaseLogger.m */ = {isa = PBXFileReference; fileEncoding = 4; lastKnownFileType = sourcecode.c.objc; path = DDAbstractDatabaseLogger.m; sourceTree = "<group>"; };
		DEAE34651EA3230900C2EFF5 /* DDASLLogCapture.h */ = {isa = PBXFileReference; fileEncoding = 4; lastKnownFileType = sourcecode.c.h; path = DDASLLogCapture.h; sourceTree = "<group>"; };
		DEAE34661EA3230900C2EFF5 /* DDASLLogCapture.m */ = {isa = PBXFileReference; fileEncoding = 4; lastKnownFileType = sourcecode.c.objc; path = DDASLLogCapture.m; sourceTree = "<group>"; };
		DEAE34671EA3230900C2EFF5 /* DDASLLogger.h */ = {isa = PBXFileReference; fileEncoding = 4; lastKnownFileType = sourcecode.c.h; path = DDASLLogger.h; sourceTree = "<group>"; };
		DEAE34681EA3230900C2EFF5 /* DDASLLogger.m */ = {isa = PBXFileReference; fileEncoding = 4; lastKnownFileType = sourcecode.c.objc; path = DDASLLogger.m; sourceTree = "<group>"; };
		DEAE34691EA3230900C2EFF5 /* DDAssertMacros.h */ = {isa = PBXFileReference; fileEncoding = 4; lastKnownFileType = sourcecode.c.h; path = DDAssertMacros.h; sourceTree = "<group>"; };
		DEAE346A1EA3230900C2EFF5 /* DDFileLogger.h */ = {isa = PBXFileReference; fileEncoding = 4; lastKnownFileType = sourcecode.c.h; path = DDFileLogger.h; sourceTree = "<group>"; };
		DEAE346B1EA3230900C2EFF5 /* DDFileLogger.m */ = {isa = PBXFileReference; fileEncoding = 4; lastKnownFileType = sourcecode.c.objc; path = DDFileLogger.m; sourceTree = "<group>"; };
		DEAE346C1EA3230900C2EFF5 /* DDLegacyMacros.h */ = {isa = PBXFileReference; fileEncoding = 4; lastKnownFileType = sourcecode.c.h; path = DDLegacyMacros.h; sourceTree = "<group>"; };
		DEAE346D1EA3230900C2EFF5 /* DDLog+LOGV.h */ = {isa = PBXFileReference; fileEncoding = 4; lastKnownFileType = sourcecode.c.h; path = "DDLog+LOGV.h"; sourceTree = "<group>"; };
		DEAE346E1EA3230900C2EFF5 /* DDLog.h */ = {isa = PBXFileReference; fileEncoding = 4; lastKnownFileType = sourcecode.c.h; path = DDLog.h; sourceTree = "<group>"; };
		DEAE346F1EA3230900C2EFF5 /* DDLog.m */ = {isa = PBXFileReference; fileEncoding = 4; lastKnownFileType = sourcecode.c.objc; path = DDLog.m; sourceTree = "<group>"; };
		DEAE34701EA3230900C2EFF5 /* DDLogMacros.h */ = {isa = PBXFileReference; fileEncoding = 4; lastKnownFileType = sourcecode.c.h; path = DDLogMacros.h; sourceTree = "<group>"; };
		DEAE34711EA3230900C2EFF5 /* DDOSLogger.h */ = {isa = PBXFileReference; fileEncoding = 4; lastKnownFileType = sourcecode.c.h; path = DDOSLogger.h; sourceTree = "<group>"; };
		DEAE34721EA3230900C2EFF5 /* DDOSLogger.m */ = {isa = PBXFileReference; fileEncoding = 4; lastKnownFileType = sourcecode.c.objc; path = DDOSLogger.m; sourceTree = "<group>"; };
		DEAE34731EA3230900C2EFF5 /* DDTTYLogger.h */ = {isa = PBXFileReference; fileEncoding = 4; lastKnownFileType = sourcecode.c.h; path = DDTTYLogger.h; sourceTree = "<group>"; };
		DEAE34741EA3230900C2EFF5 /* DDTTYLogger.m */ = {isa = PBXFileReference; fileEncoding = 4; lastKnownFileType = sourcecode.c.objc; path = DDTTYLogger.m; sourceTree = "<group>"; };
		DEAE34761EA3230900C2EFF5 /* DDContextFilterLogFormatter.h */ = {isa = PBXFileReference; fileEncoding = 4; lastKnownFileType = sourcecode.c.h; path = DDContextFilterLogFormatter.h; sourceTree = "<group>"; };
		DEAE34771EA3230900C2EFF5 /* DDContextFilterLogFormatter.m */ = {isa = PBXFileReference; fileEncoding = 4; lastKnownFileType = sourcecode.c.objc; path = DDContextFilterLogFormatter.m; sourceTree = "<group>"; };
		DEAE34781EA3230900C2EFF5 /* DDDispatchQueueLogFormatter.h */ = {isa = PBXFileReference; fileEncoding = 4; lastKnownFileType = sourcecode.c.h; path = DDDispatchQueueLogFormatter.h; sourceTree = "<group>"; };
		DEAE34791EA3230900C2EFF5 /* DDDispatchQueueLogFormatter.m */ = {isa = PBXFileReference; fileEncoding = 4; lastKnownFileType = sourcecode.c.objc; path = DDDispatchQueueLogFormatter.m; sourceTree = "<group>"; };
		DEAE347A1EA3230900C2EFF5 /* DDMultiFormatter.h */ = {isa = PBXFileReference; fileEncoding = 4; lastKnownFileType = sourcecode.c.h; path = DDMultiFormatter.h; sourceTree = "<group>"; };
		DEAE347B1EA3230900C2EFF5 /* DDMultiFormatter.m */ = {isa = PBXFileReference; fileEncoding = 4; lastKnownFileType = sourcecode.c.objc; path = DDMultiFormatter.m; sourceTree = "<group>"; };
		DEAE34891EA3238200C2EFF5 /* Documentation.html */ = {isa = PBXFileReference; fileEncoding = 4; lastKnownFileType = text.html; path = Documentation.html; sourceTree = "<group>"; };
		DEAE348A1EA3238200C2EFF5 /* GCDAsyncSocket.h */ = {isa = PBXFileReference; fileEncoding = 4; lastKnownFileType = sourcecode.c.h; path = GCDAsyncSocket.h; sourceTree = "<group>"; };
		DEAE348B1EA3238200C2EFF5 /* GCDAsyncSocket.m */ = {isa = PBXFileReference; fileEncoding = 4; lastKnownFileType = sourcecode.c.objc; path = GCDAsyncSocket.m; sourceTree = "<group>"; };
		DEAE348C1EA3238200C2EFF5 /* GCDAsyncUdpSocket.h */ = {isa = PBXFileReference; fileEncoding = 4; lastKnownFileType = sourcecode.c.h; path = GCDAsyncUdpSocket.h; sourceTree = "<group>"; };
		DEAE348D1EA3238200C2EFF5 /* GCDAsyncUdpSocket.m */ = {isa = PBXFileReference; fileEncoding = 4; lastKnownFileType = sourcecode.c.objc; path = GCDAsyncUdpSocket.m; sourceTree = "<group>"; };
/* End PBXFileReference section */

/* Begin PBXFrameworksBuildPhase section */
		1D60588F0D05DD3D006BFB54 /* Frameworks */ = {
			isa = PBXFrameworksBuildPhase;
			buildActionMask = 2147483647;
			files = (
				DCC3699E1538F08B004C5FA7 /* Security.framework in Frameworks */,
				1D60589F0D05DD5A006BFB54 /* Foundation.framework in Frameworks */,
				1DF5F4E00D08C38300B7A737 /* UIKit.framework in Frameworks */,
				288765A50DF7441C002DB57D /* CoreGraphics.framework in Frameworks */,
				DC5406E2129F5CC900195140 /* CFNetwork.framework in Frameworks */,
			);
			runOnlyForDeploymentPostprocessing = 0;
		};
/* End PBXFrameworksBuildPhase section */

/* Begin PBXGroup section */
		080E96DDFE201D6D7F000001 /* Classes */ = {
			isa = PBXGroup;
			children = (
				1D3623240D0F684500981E51 /* iPhoneHTTPServerAppDelegate.h */,
				1D3623250D0F684500981E51 /* iPhoneHTTPServerAppDelegate.m */,
				28D7ACF60DDB3853001CB0EB /* iPhoneHTTPServerViewController.h */,
				28D7ACF70DDB3853001CB0EB /* iPhoneHTTPServerViewController.m */,
			);
			path = Classes;
			sourceTree = "<group>";
		};
		19C28FACFE9D520D11CA2CBB /* Products */ = {
			isa = PBXGroup;
			children = (
				1D6058910D05DD3D006BFB54 /* iPhoneHTTPServer.app */,
			);
			name = Products;
			sourceTree = "<group>";
		};
		29B97314FDCFA39411CA2CEA /* CustomTemplate */ = {
			isa = PBXGroup;
			children = (
				DEAE34881EA3238200C2EFF5 /* GCD */,
				DEAE345D1EA3230900C2EFF5 /* COCOALUMBERJACK */,
				DC5406E7129F5CD100195140 /* HTTP */,
				080E96DDFE201D6D7F000001 /* Classes */,
				29B97315FDCFA39411CA2CEA /* Other Sources */,
				29B97317FDCFA39411CA2CEA /* Resources */,
				29B97323FDCFA39411CA2CEA /* Frameworks */,
				19C28FACFE9D520D11CA2CBB /* Products */,
			);
			name = CustomTemplate;
			sourceTree = "<group>";
		};
		29B97315FDCFA39411CA2CEA /* Other Sources */ = {
			isa = PBXGroup;
			children = (
				DC372E47139D398400A8407D /* Xcode-Configurations */,
				32CA4F630368D1EE00C91783 /* iPhoneHTTPServer_Prefix.pch */,
				29B97316FDCFA39411CA2CEA /* main.m */,
			);
			name = "Other Sources";
			sourceTree = "<group>";
		};
		29B97317FDCFA39411CA2CEA /* Resources */ = {
			isa = PBXGroup;
			children = (
				DCD6EAC516FFB10900710668 /* Default-568h@2x.png */,
				2899E5210DE3E06400AC0155 /* iPhoneHTTPServerViewController.xib */,
				28AD733E0D9D9553002E5188 /* MainWindow.xib */,
				8D1107310486CEB800E47090 /* iPhoneHTTPServer-Info.plist */,
				DC54077E129F638200195140 /* Web */,
			);
			name = Resources;
			sourceTree = "<group>";
		};
		29B97323FDCFA39411CA2CEA /* Frameworks */ = {
			isa = PBXGroup;
			children = (
				1DF5F4DF0D08C38300B7A737 /* UIKit.framework */,
				1D30AB110D05D00D00671497 /* Foundation.framework */,
				288765A40DF7441C002DB57D /* CoreGraphics.framework */,
				DC5406E1129F5CC800195140 /* CFNetwork.framework */,
				DCC3699D1538F08B004C5FA7 /* Security.framework */,
			);
			name = Frameworks;
			sourceTree = "<group>";
		};
		DC372E47139D398400A8407D /* Xcode-Configurations */ = {
			isa = PBXGroup;
			children = (
				DC372E48139D398400A8407D /* Base.xcconfig */,
				DC372E49139D398400A8407D /* Debug.xcconfig */,
				DC372E4B139D398400A8407D /* Release.xcconfig */,
			);
			name = "Xcode-Configurations";
			path = "../Xcode-Configurations";
			sourceTree = "<group>";
		};
		DC372EE0139DC2E600A8407D /* Categories */ = {
			isa = PBXGroup;
			children = (
				DC372EE1139DC2E600A8407D /* DDData.h */,
				DC372EE2139DC2E600A8407D /* DDData.m */,
				DC372EE3139DC2E600A8407D /* DDNumber.h */,
				DC372EE4139DC2E600A8407D /* DDNumber.m */,
				DC372EE5139DC2E600A8407D /* DDRange.h */,
				DC372EE6139DC2E600A8407D /* DDRange.m */,
			);
			name = Categories;
			path = ../../Core/Categories;
			sourceTree = "<group>";
		};
		DC372EF1139DC2E600A8407D /* Responses */ = {
			isa = PBXGroup;
			children = (
				DC372EF2139DC2E600A8407D /* HTTPAsyncFileResponse.h */,
				DC372EF3139DC2E600A8407D /* HTTPAsyncFileResponse.m */,
				DC372EF4139DC2E600A8407D /* HTTPDataResponse.h */,
				DC372EF5139DC2E600A8407D /* HTTPDataResponse.m */,
				DC372EF6139DC2E600A8407D /* HTTPDynamicFileResponse.h */,
				DC372EF7139DC2E600A8407D /* HTTPDynamicFileResponse.m */,
				DC372EF8139DC2E600A8407D /* HTTPFileResponse.h */,
				DC372EF9139DC2E600A8407D /* HTTPFileResponse.m */,
				DC372EFA139DC2E600A8407D /* HTTPRedirectResponse.h */,
				DC372EFB139DC2E600A8407D /* HTTPRedirectResponse.m */,
			);
			name = Responses;
			path = ../../Core/Responses;
			sourceTree = "<group>";
		};
		DC5406E7129F5CD100195140 /* HTTP */ = {
			isa = PBXGroup;
			children = (
				DC372EEB139DC2E600A8407D /* HTTPLogging.h */,
				DC372EE7139DC2E600A8407D /* HTTPAuthenticationRequest.h */,
				DC372EE8139DC2E600A8407D /* HTTPAuthenticationRequest.m */,
				DC372EEF139DC2E600A8407D /* HTTPServer.h */,
				DC372EF0139DC2E600A8407D /* HTTPServer.m */,
				DC372EE9139DC2E600A8407D /* HTTPConnection.h */,
				DC372EEA139DC2E600A8407D /* HTTPConnection.m */,
				DC372EEC139DC2E600A8407D /* HTTPMessage.h */,
				DC372EED139DC2E600A8407D /* HTTPMessage.m */,
				DC372EEE139DC2E600A8407D /* HTTPResponse.h */,
				DC372EFC139DC2E600A8407D /* WebSocket.h */,
				DC372EFD139DC2E600A8407D /* WebSocket.m */,
				DC372EF1139DC2E600A8407D /* Responses */,
				DC372EE0139DC2E600A8407D /* Categories */,
			);
			name = HTTP;
			sourceTree = "<group>";
		};
		DEAE345D1EA3230900C2EFF5 /* COCOALUMBERJACK */ = {
			isa = PBXGroup;
			children = (
				DEAE345E1EA3230900C2EFF5 /* CLI */,
				DEAE34611EA3230900C2EFF5 /* CocoaLumberjack.h */,
				DEAE34631EA3230900C2EFF5 /* DDAbstractDatabaseLogger.h */,
				DEAE34641EA3230900C2EFF5 /* DDAbstractDatabaseLogger.m */,
				DEAE34651EA3230900C2EFF5 /* DDASLLogCapture.h */,
				DEAE34661EA3230900C2EFF5 /* DDASLLogCapture.m */,
				DEAE34671EA3230900C2EFF5 /* DDASLLogger.h */,
				DEAE34681EA3230900C2EFF5 /* DDASLLogger.m */,
				DEAE34691EA3230900C2EFF5 /* DDAssertMacros.h */,
				DEAE346A1EA3230900C2EFF5 /* DDFileLogger.h */,
				DEAE346B1EA3230900C2EFF5 /* DDFileLogger.m */,
				DEAE346C1EA3230900C2EFF5 /* DDLegacyMacros.h */,
				DEAE346D1EA3230900C2EFF5 /* DDLog+LOGV.h */,
				DEAE346E1EA3230900C2EFF5 /* DDLog.h */,
				DEAE346F1EA3230900C2EFF5 /* DDLog.m */,
				DEAE34701EA3230900C2EFF5 /* DDLogMacros.h */,
				DEAE34711EA3230900C2EFF5 /* DDOSLogger.h */,
				DEAE34721EA3230900C2EFF5 /* DDOSLogger.m */,
				DEAE34731EA3230900C2EFF5 /* DDTTYLogger.h */,
				DEAE34741EA3230900C2EFF5 /* DDTTYLogger.m */,
				DEAE34751EA3230900C2EFF5 /* Extensions */,
			);
			path = COCOALUMBERJACK;
			sourceTree = "<group>";
		};
		DEAE345E1EA3230900C2EFF5 /* CLI */ = {
			isa = PBXGroup;
			children = (
				DEAE345F1EA3230900C2EFF5 /* CLIColor.h */,
				DEAE34601EA3230900C2EFF5 /* CLIColor.m */,
			);
			path = CLI;
			sourceTree = "<group>";
		};
		DEAE34751EA3230900C2EFF5 /* Extensions */ = {
			isa = PBXGroup;
			children = (
				DEAE34761EA3230900C2EFF5 /* DDContextFilterLogFormatter.h */,
				DEAE34771EA3230900C2EFF5 /* DDContextFilterLogFormatter.m */,
				DEAE34781EA3230900C2EFF5 /* DDDispatchQueueLogFormatter.h */,
				DEAE34791EA3230900C2EFF5 /* DDDispatchQueueLogFormatter.m */,
				DEAE347A1EA3230900C2EFF5 /* DDMultiFormatter.h */,
				DEAE347B1EA3230900C2EFF5 /* DDMultiFormatter.m */,
			);
			path = Extensions;
			sourceTree = "<group>";
		};
		DEAE34881EA3238200C2EFF5 /* GCD */ = {
			isa = PBXGroup;
			children = (
				DEAE34891EA3238200C2EFF5 /* Documentation.html */,
				DEAE348A1EA3238200C2EFF5 /* GCDAsyncSocket.h */,
				DEAE348B1EA3238200C2EFF5 /* GCDAsyncSocket.m */,
				DEAE348C1EA3238200C2EFF5 /* GCDAsyncUdpSocket.h */,
				DEAE348D1EA3238200C2EFF5 /* GCDAsyncUdpSocket.m */,
			);
			path = GCD;
			sourceTree = "<group>";
		};
/* End PBXGroup section */

/* Begin PBXNativeTarget section */
		1D6058900D05DD3D006BFB54 /* iPhoneHTTPServer */ = {
			isa = PBXNativeTarget;
			buildConfigurationList = 1D6058960D05DD3E006BFB54 /* Build configuration list for PBXNativeTarget "iPhoneHTTPServer" */;
			buildPhases = (
				1D60588D0D05DD3D006BFB54 /* Resources */,
				1D60588E0D05DD3D006BFB54 /* Sources */,
				1D60588F0D05DD3D006BFB54 /* Frameworks */,
			);
			buildRules = (
			);
			dependencies = (
			);
			name = iPhoneHTTPServer;
			productName = iPhoneHTTPServer;
			productReference = 1D6058910D05DD3D006BFB54 /* iPhoneHTTPServer.app */;
			productType = "com.apple.product-type.application";
		};
/* End PBXNativeTarget section */

/* Begin PBXProject section */
		29B97313FDCFA39411CA2CEA /* Project object */ = {
			isa = PBXProject;
			attributes = {
				LastUpgradeCheck = 0460;
				TargetAttributes = {
					1D6058900D05DD3D006BFB54 = {
						DevelopmentTeam = QDH66RGJXX;
					};
				};
			};
			buildConfigurationList = C01FCF4E08A954540054247B /* Build configuration list for PBXProject "iPhoneHTTPServer" */;
			compatibilityVersion = "Xcode 3.2";
			developmentRegion = English;
			hasScannedForEncodings = 1;
			knownRegions = (
				English,
				Japanese,
				French,
				German,
			);
			mainGroup = 29B97314FDCFA39411CA2CEA /* CustomTemplate */;
			projectDirPath = "";
			projectRoot = "";
			targets = (
				1D6058900D05DD3D006BFB54 /* iPhoneHTTPServer */,
			);
		};
/* End PBXProject section */

/* Begin PBXResourcesBuildPhase section */
		1D60588D0D05DD3D006BFB54 /* Resources */ = {
			isa = PBXResourcesBuildPhase;
			buildActionMask = 2147483647;
			files = (
				28AD733F0D9D9553002E5188 /* MainWindow.xib in Resources */,
				2899E5220DE3E06400AC0155 /* iPhoneHTTPServerViewController.xib in Resources */,
				DC540781129F638200195140 /* Web in Resources */,
				DEAE348E1EA3238200C2EFF5 /* Documentation.html in Resources */,
				DCD6EAC616FFB10900710668 /* Default-568h@2x.png in Resources */,
			);
			runOnlyForDeploymentPostprocessing = 0;
		};
/* End PBXResourcesBuildPhase section */

/* Begin PBXSourcesBuildPhase section */
		1D60588E0D05DD3D006BFB54 /* Sources */ = {
			isa = PBXSourcesBuildPhase;
			buildActionMask = 2147483647;
			files = (
				1D60589B0D05DD56006BFB54 /* main.m in Sources */,
				1D3623260D0F684500981E51 /* iPhoneHTTPServerAppDelegate.m in Sources */,
				DEAE34811EA3230900C2EFF5 /* DDFileLogger.m in Sources */,
				DEAE34851EA3230900C2EFF5 /* DDContextFilterLogFormatter.m in Sources */,
				DEAE34871EA3230900C2EFF5 /* DDMultiFormatter.m in Sources */,
				28D7ACF80DDB3853001CB0EB /* iPhoneHTTPServerViewController.m in Sources */,
				DC372EFE139DC2E600A8407D /* DDData.m in Sources */,
				DC372EFF139DC2E600A8407D /* DDNumber.m in Sources */,
				DC372F00139DC2E600A8407D /* DDRange.m in Sources */,
				DC372F01139DC2E600A8407D /* HTTPAuthenticationRequest.m in Sources */,
				DEAE347C1EA3230900C2EFF5 /* CLIColor.m in Sources */,
				DEAE347F1EA3230900C2EFF5 /* DDASLLogCapture.m in Sources */,
				DC372F02139DC2E600A8407D /* HTTPConnection.m in Sources */,
				DEAE34821EA3230900C2EFF5 /* DDLog.m in Sources */,
				DC372F03139DC2E600A8407D /* HTTPMessage.m in Sources */,
				DEAE34901EA3238200C2EFF5 /* GCDAsyncUdpSocket.m in Sources */,
				DC372F04139DC2E600A8407D /* HTTPServer.m in Sources */,
				DEAE348F1EA3238200C2EFF5 /* GCDAsyncSocket.m in Sources */,
				DC372F05139DC2E600A8407D /* HTTPAsyncFileResponse.m in Sources */,
				DEAE34801EA3230900C2EFF5 /* DDASLLogger.m in Sources */,
				DEAE34831EA3230900C2EFF5 /* DDOSLogger.m in Sources */,
				DC372F06139DC2E600A8407D /* HTTPDataResponse.m in Sources */,
				DEAE34841EA3230900C2EFF5 /* DDTTYLogger.m in Sources */,
				DEAE347E1EA3230900C2EFF5 /* DDAbstractDatabaseLogger.m in Sources */,
				DC372F07139DC2E600A8407D /* HTTPDynamicFileResponse.m in Sources */,
				DEAE34861EA3230900C2EFF5 /* DDDispatchQueueLogFormatter.m in Sources */,
				DC372F08139DC2E600A8407D /* HTTPFileResponse.m in Sources */,
				DC372F09139DC2E600A8407D /* HTTPRedirectResponse.m in Sources */,
				DC372F0A139DC2E600A8407D /* WebSocket.m in Sources */,
			);
			runOnlyForDeploymentPostprocessing = 0;
		};
/* End PBXSourcesBuildPhase section */

/* Begin XCBuildConfiguration section */
		1D6058940D05DD3E006BFB54 /* Debug */ = {
			isa = XCBuildConfiguration;
			buildSettings = {
				DEVELOPMENT_TEAM = QDH66RGJXX;
				GCC_PREFIX_HEADER = iPhoneHTTPServer_Prefix.pch;
				INFOPLIST_FILE = "iPhoneHTTPServer-Info.plist";
				IPHONEOS_DEPLOYMENT_TARGET = 9.1;
				PRODUCT_NAME = iPhoneHTTPServer;
			};
			name = Debug;
		};
		1D6058950D05DD3E006BFB54 /* Release */ = {
			isa = XCBuildConfiguration;
			buildSettings = {
				DEVELOPMENT_TEAM = QDH66RGJXX;
				GCC_PREFIX_HEADER = iPhoneHTTPServer_Prefix.pch;
				INFOPLIST_FILE = "iPhoneHTTPServer-Info.plist";
				IPHONEOS_DEPLOYMENT_TARGET = 9.1;
				PRODUCT_NAME = iPhoneHTTPServer;
			};
			name = Release;
		};
		C01FCF4F08A954540054247B /* Debug */ = {
			isa = XCBuildConfiguration;
			baseConfigurationReference = DC372E49139D398400A8407D /* Debug.xcconfig */;
			buildSettings = {
				ARCHS = "$(ARCHS_STANDARD_32_BIT)";
				CLANG_ENABLE_OBJC_ARC = YES;
				CLANG_WARN_CONSTANT_CONVERSION = YES;
				CLANG_WARN_ENUM_CONVERSION = YES;
				CLANG_WARN_INT_CONVERSION = YES;
				CLANG_WARN__DUPLICATE_METHOD_MATCH = YES;
				GCC_VERSION = com.apple.compilers.llvm.clang.1_0;
				GCC_WARN_UNINITIALIZED_AUTOS = YES;
				SDKROOT = iphoneos;
			};
			name = Debug;
		};
		C01FCF5008A954540054247B /* Release */ = {
			isa = XCBuildConfiguration;
			baseConfigurationReference = DC372E4B139D398400A8407D /* Release.xcconfig */;
			buildSettings = {
				ARCHS = "$(ARCHS_STANDARD_32_BIT)";
				CLANG_ENABLE_OBJC_ARC = YES;
				CLANG_WARN_CONSTANT_CONVERSION = YES;
				CLANG_WARN_ENUM_CONVERSION = YES;
				CLANG_WARN_INT_CONVERSION = YES;
				CLANG_WARN__DUPLICATE_METHOD_MATCH = YES;
				GCC_VERSION = com.apple.compilers.llvm.clang.1_0;
				GCC_WARN_UNINITIALIZED_AUTOS = YES;
				SDKROOT = iphoneos;
			};
			name = Release;
		};
/* End XCBuildConfiguration section */

/* Begin XCConfigurationList section */
		1D6058960D05DD3E006BFB54 /* Build configuration list for PBXNativeTarget "iPhoneHTTPServer" */ = {
			isa = XCConfigurationList;
			buildConfigurations = (
				1D6058940D05DD3E006BFB54 /* Debug */,
				1D6058950D05DD3E006BFB54 /* Release */,
			);
			defaultConfigurationIsVisible = 0;
			defaultConfigurationName = Release;
		};
		C01FCF4E08A954540054247B /* Build configuration list for PBXProject "iPhoneHTTPServer" */ = {
			isa = XCConfigurationList;
			buildConfigurations = (
				C01FCF4F08A954540054247B /* Debug */,
				C01FCF5008A954540054247B /* Release */,
			);
			defaultConfigurationIsVisible = 0;
			defaultConfigurationName = Release;
		};
/* End XCConfigurationList section */
	};
	rootObject = 29B97313FDCFA39411CA2CEA /* Project object */;
}
